// !$*UTF8*$!
{
	archiveVersion = 1;
	classes = {
	};
	objectVersion = 56;
	objects = {

/* Begin PBXBuildFile section */
		D5F76FBC2BAAD93D0092C05B /* iExpenseApp.swift in Sources */ = {isa = PBXBuildFile; fileRef = D5F76FBB2BAAD93D0092C05B /* iExpenseApp.swift */; };
		D5F76FBE2BAAD93D0092C05B /* ContentView.swift in Sources */ = {isa = PBXBuildFile; fileRef = D5F76FBD2BAAD93D0092C05B /* ContentView.swift */; };
		D5F76FC02BAAD93E0092C05B /* Assets.xcassets in Resources */ = {isa = PBXBuildFile; fileRef = D5F76FBF2BAAD93E0092C05B /* Assets.xcassets */; };
		D5F76FC32BAAD93E0092C05B /* Preview Assets.xcassets in Resources */ = {isa = PBXBuildFile; fileRef = D5F76FC22BAAD93E0092C05B /* Preview Assets.xcassets */; };
		D5F76FCA2BAAD9680092C05B /* 1_UsingStateWithClasses.swift in Sources */ = {isa = PBXBuildFile; fileRef = D5F76FC92BAAD9680092C05B /* 1_UsingStateWithClasses.swift */; };
		D5F76FCC2BAAE2580092C05B /* 2_ShowingAndHidingViews.swift in Sources */ = {isa = PBXBuildFile; fileRef = D5F76FCB2BAAE2580092C05B /* 2_ShowingAndHidingViews.swift */; };
		D5F76FCE2BAAE56B0092C05B /* 3_DeletingItemsUsingOnDelete.swift in Sources */ = {isa = PBXBuildFile; fileRef = D5F76FCD2BAAE56B0092C05B /* 3_DeletingItemsUsingOnDelete.swift */; };
		D5F76FD02BAAE7890092C05B /* 4_StoringUserSettingsWithUserDefaults.swift in Sources */ = {isa = PBXBuildFile; fileRef = D5F76FCF2BAAE7890092C05B /* 4_StoringUserSettingsWithUserDefaults.swift */; };
		D5F76FD22BAAEA4D0092C05B /* 5_ArchivingSwiftObjectsWithCodable.swift in Sources */ = {isa = PBXBuildFile; fileRef = D5F76FD12BAAEA4D0092C05B /* 5_ArchivingSwiftObjectsWithCodable.swift */; };
/* End PBXBuildFile section */

/* Begin PBXFileReference section */
		D5F76FB82BAAD93D0092C05B /* iExpense.app */ = {isa = PBXFileReference; explicitFileType = wrapper.application; includeInIndex = 0; path = iExpense.app; sourceTree = BUILT_PRODUCTS_DIR; };
		D5F76FBB2BAAD93D0092C05B /* iExpenseApp.swift */ = {isa = PBXFileReference; lastKnownFileType = sourcecode.swift; path = iExpenseApp.swift; sourceTree = "<group>"; };
		D5F76FBD2BAAD93D0092C05B /* ContentView.swift */ = {isa = PBXFileReference; lastKnownFileType = sourcecode.swift; path = ContentView.swift; sourceTree = "<group>"; };
		D5F76FBF2BAAD93E0092C05B /* Assets.xcassets */ = {isa = PBXFileReference; lastKnownFileType = folder.assetcatalog; path = Assets.xcassets; sourceTree = "<group>"; };
		D5F76FC22BAAD93E0092C05B /* Preview Assets.xcassets */ = {isa = PBXFileReference; lastKnownFileType = folder.assetcatalog; path = "Preview Assets.xcassets"; sourceTree = "<group>"; };
		D5F76FC92BAAD9680092C05B /* 1_UsingStateWithClasses.swift */ = {isa = PBXFileReference; lastKnownFileType = sourcecode.swift; path = 1_UsingStateWithClasses.swift; sourceTree = "<group>"; };
		D5F76FCB2BAAE2580092C05B /* 2_ShowingAndHidingViews.swift */ = {isa = PBXFileReference; lastKnownFileType = sourcecode.swift; path = 2_ShowingAndHidingViews.swift; sourceTree = "<group>"; };
		D5F76FCD2BAAE56B0092C05B /* 3_DeletingItemsUsingOnDelete.swift */ = {isa = PBXFileReference; lastKnownFileType = sourcecode.swift; path = 3_DeletingItemsUsingOnDelete.swift; sourceTree = "<group>"; };
		D5F76FCF2BAAE7890092C05B /* 4_StoringUserSettingsWithUserDefaults.swift */ = {isa = PBXFileReference; lastKnownFileType = sourcecode.swift; path = 4_StoringUserSettingsWithUserDefaults.swift; sourceTree = "<group>"; };
		D5F76FD12BAAEA4D0092C05B /* 5_ArchivingSwiftObjectsWithCodable.swift */ = {isa = PBXFileReference; lastKnownFileType = sourcecode.swift; path = 5_ArchivingSwiftObjectsWithCodable.swift; sourceTree = "<group>"; };
/* End PBXFileReference section */

/* Begin PBXFrameworksBuildPhase section */
		D5F76FB52BAAD93D0092C05B /* Frameworks */ = {
			isa = PBXFrameworksBuildPhase;
			buildActionMask = 2147483647;
			files = (
			);
			runOnlyForDeploymentPostprocessing = 0;
		};
/* End PBXFrameworksBuildPhase section */

/* Begin PBXGroup section */
		D5F76FAF2BAAD93D0092C05B = {
			isa = PBXGroup;
			children = (
				D5F76FBA2BAAD93D0092C05B /* iExpense */,
				D5F76FB92BAAD93D0092C05B /* Products */,
			);
			sourceTree = "<group>";
		};
		D5F76FB92BAAD93D0092C05B /* Products */ = {
			isa = PBXGroup;
			children = (
				D5F76FB82BAAD93D0092C05B /* iExpense.app */,
			);
			name = Products;
			sourceTree = "<group>";
		};
		D5F76FBA2BAAD93D0092C05B /* iExpense */ = {
			isa = PBXGroup;
			children = (
				D5F76FBB2BAAD93D0092C05B /* iExpenseApp.swift */,
				D5F76FBD2BAAD93D0092C05B /* ContentView.swift */,
				D5F76FBF2BAAD93E0092C05B /* Assets.xcassets */,
				D5F76FC12BAAD93E0092C05B /* Preview Content */,
				D5F76FC92BAAD9680092C05B /* 1_UsingStateWithClasses.swift */,
				D5F76FCB2BAAE2580092C05B /* 2_ShowingAndHidingViews.swift */,
				D5F76FCD2BAAE56B0092C05B /* 3_DeletingItemsUsingOnDelete.swift */,
				D5F76FCF2BAAE7890092C05B /* 4_StoringUserSettingsWithUserDefaults.swift */,
				D5F76FD12BAAEA4D0092C05B /* 5_ArchivingSwiftObjectsWithCodable.swift */,
			);
			path = iExpense;
			sourceTree = "<group>";
		};
		D5F76FC12BAAD93E0092C05B /* Preview Content */ = {
			isa = PBXGroup;
			children = (
				D5F76FC22BAAD93E0092C05B /* Preview Assets.xcassets */,
			);
			path = "Preview Content";
			sourceTree = "<group>";
		};
/* End PBXGroup section */

/* Begin PBXNativeTarget section */
		D5F76FB72BAAD93D0092C05B /* iExpense */ = {
			isa = PBXNativeTarget;
			buildConfigurationList = D5F76FC62BAAD93E0092C05B /* Build configuration list for PBXNativeTarget "iExpense" */;
			buildPhases = (
				D5F76FB42BAAD93D0092C05B /* Sources */,
				D5F76FB52BAAD93D0092C05B /* Frameworks */,
				D5F76FB62BAAD93D0092C05B /* Resources */,
			);
			buildRules = (
			);
			dependencies = (
			);
			name = iExpense;
			productName = iExpense;
			productReference = D5F76FB82BAAD93D0092C05B /* iExpense.app */;
			productType = "com.apple.product-type.application";
		};
/* End PBXNativeTarget section */

/* Begin PBXProject section */
		D5F76FB02BAAD93D0092C05B /* Project object */ = {
			isa = PBXProject;
			attributes = {
				BuildIndependentTargetsInParallel = 1;
				LastSwiftUpdateCheck = 1520;
				LastUpgradeCheck = 1520;
				TargetAttributes = {
					D5F76FB72BAAD93D0092C05B = {
						CreatedOnToolsVersion = 15.2;
					};
				};
			};
			buildConfigurationList = D5F76FB32BAAD93D0092C05B /* Build configuration list for PBXProject "iExpense" */;
			compatibilityVersion = "Xcode 14.0";
			developmentRegion = en;
			hasScannedForEncodings = 0;
			knownRegions = (
				en,
				Base,
			);
			mainGroup = D5F76FAF2BAAD93D0092C05B;
			productRefGroup = D5F76FB92BAAD93D0092C05B /* Products */;
			projectDirPath = "";
			projectRoot = "";
			targets = (
				D5F76FB72BAAD93D0092C05B /* iExpense */,
			);
		};
/* End PBXProject section */

/* Begin PBXResourcesBuildPhase section */
		D5F76FB62BAAD93D0092C05B /* Resources */ = {
			isa = PBXResourcesBuildPhase;
			buildActionMask = 2147483647;
			files = (
				D5F76FC32BAAD93E0092C05B /* Preview Assets.xcassets in Resources */,
				D5F76FC02BAAD93E0092C05B /* Assets.xcassets in Resources */,
			);
			runOnlyForDeploymentPostprocessing = 0;
		};
/* End PBXResourcesBuildPhase section */

/* Begin PBXSourcesBuildPhase section */
		D5F76FB42BAAD93D0092C05B /* Sources */ = {
			isa = PBXSourcesBuildPhase;
			buildActionMask = 2147483647;
			files = (
				D5F76FD22BAAEA4D0092C05B /* 5_ArchivingSwiftObjectsWithCodable.swift in Sources */,
				D5F76FBE2BAAD93D0092C05B /* ContentView.swift in Sources */,
				D5F76FD02BAAE7890092C05B /* 4_StoringUserSettingsWithUserDefaults.swift in Sources */,
				D5F76FCE2BAAE56B0092C05B /* 3_DeletingItemsUsingOnDelete.swift in Sources */,
				D5F76FCC2BAAE2580092C05B /* 2_ShowingAndHidingViews.swift in Sources */,
				D5F76FBC2BAAD93D0092C05B /* iExpenseApp.swift in Sources */,
				D5F76FCA2BAAD9680092C05B /* 1_UsingStateWithClasses.swift in Sources */,
			);
			runOnlyForDeploymentPostprocessing = 0;
		};
/* End PBXSourcesBuildPhase section */

/* Begin XCBuildConfiguration section */
		D5F76FC42BAAD93E0092C05B /* Debug */ = {
			isa = XCBuildConfiguration;
			buildSettings = {
				ALWAYS_SEARCH_USER_PATHS = NO;
				ASSETCATALOG_COMPILER_GENERATE_SWIFT_ASSET_SYMBOL_EXTENSIONS = YES;
				CLANG_ANALYZER_NONNULL = YES;
				CLANG_ANALYZER_NUMBER_OBJECT_CONVERSION = YES_AGGRESSIVE;
				CLANG_CXX_LANGUAGE_STANDARD = "gnu++20";
				CLANG_ENABLE_MODULES = YES;
				CLANG_ENABLE_OBJC_ARC = YES;
				CLANG_ENABLE_OBJC_WEAK = YES;
				CLANG_WARN_BLOCK_CAPTURE_AUTORELEASING = YES;
				CLANG_WARN_BOOL_CONVERSION = YES;
				CLANG_WARN_COMMA = YES;
				CLANG_WARN_CONSTANT_CONVERSION = YES;
				CLANG_WARN_DEPRECATED_OBJC_IMPLEMENTATIONS = YES;
				CLANG_WARN_DIRECT_OBJC_ISA_USAGE = YES_ERROR;
				CLANG_WARN_DOCUMENTATION_COMMENTS = YES;
				CLANG_WARN_EMPTY_BODY = YES;
				CLANG_WARN_ENUM_CONVERSION = YES;
				CLANG_WARN_INFINITE_RECURSION = YES;
				CLANG_WARN_INT_CONVERSION = YES;
				CLANG_WARN_NON_LITERAL_NULL_CONVERSION = YES;
				CLANG_WARN_OBJC_IMPLICIT_RETAIN_SELF = YES;
				CLANG_WARN_OBJC_LITERAL_CONVERSION = YES;
				CLANG_WARN_OBJC_ROOT_CLASS = YES_ERROR;
				CLANG_WARN_QUOTED_INCLUDE_IN_FRAMEWORK_HEADER = YES;
				CLANG_WARN_RANGE_LOOP_ANALYSIS = YES;
				CLANG_WARN_STRICT_PROTOTYPES = YES;
				CLANG_WARN_SUSPICIOUS_MOVE = YES;
				CLANG_WARN_UNGUARDED_AVAILABILITY = YES_AGGRESSIVE;
				CLANG_WARN_UNREACHABLE_CODE = YES;
				CLANG_WARN__DUPLICATE_METHOD_MATCH = YES;
				COPY_PHASE_STRIP = NO;
				DEBUG_INFORMATION_FORMAT = dwarf;
				ENABLE_STRICT_OBJC_MSGSEND = YES;
				ENABLE_TESTABILITY = YES;
				ENABLE_USER_SCRIPT_SANDBOXING = YES;
				GCC_C_LANGUAGE_STANDARD = gnu17;
				GCC_DYNAMIC_NO_PIC = NO;
				GCC_NO_COMMON_BLOCKS = YES;
				GCC_OPTIMIZATION_LEVEL = 0;
				GCC_PREPROCESSOR_DEFINITIONS = (
					"DEBUG=1",
					"$(inherited)",
				);
				GCC_WARN_64_TO_32_BIT_CONVERSION = YES;
				GCC_WARN_ABOUT_RETURN_TYPE = YES_ERROR;
				GCC_WARN_UNDECLARED_SELECTOR = YES;
				GCC_WARN_UNINITIALIZED_AUTOS = YES_AGGRESSIVE;
				GCC_WARN_UNUSED_FUNCTION = YES;
				GCC_WARN_UNUSED_VARIABLE = YES;
				IPHONEOS_DEPLOYMENT_TARGET = 17.2;
				LOCALIZATION_PREFERS_STRING_CATALOGS = YES;
				MTL_ENABLE_DEBUG_INFO = INCLUDE_SOURCE;
				MTL_FAST_MATH = YES;
				ONLY_ACTIVE_ARCH = YES;
				SDKROOT = iphoneos;
				SWIFT_ACTIVE_COMPILATION_CONDITIONS = "DEBUG $(inherited)";
				SWIFT_OPTIMIZATION_LEVEL = "-Onone";
			};
			name = Debug;
		};
		D5F76FC52BAAD93E0092C05B /* Release */ = {
			isa = XCBuildConfiguration;
			buildSettings = {
				ALWAYS_SEARCH_USER_PATHS = NO;
				ASSETCATALOG_COMPILER_GENERATE_SWIFT_ASSET_SYMBOL_EXTENSIONS = YES;
				CLANG_ANALYZER_NONNULL = YES;
				CLANG_ANALYZER_NUMBER_OBJECT_CONVERSION = YES_AGGRESSIVE;
				CLANG_CXX_LANGUAGE_STANDARD = "gnu++20";
				CLANG_ENABLE_MODULES = YES;
				CLANG_ENABLE_OBJC_ARC = YES;
				CLANG_ENABLE_OBJC_WEAK = YES;
				CLANG_WARN_BLOCK_CAPTURE_AUTORELEASING = YES;
				CLANG_WARN_BOOL_CONVERSION = YES;
				CLANG_WARN_COMMA = YES;
				CLANG_WARN_CONSTANT_CONVERSION = YES;
				CLANG_WARN_DEPRECATED_OBJC_IMPLEMENTATIONS = YES;
				CLANG_WARN_DIRECT_OBJC_ISA_USAGE = YES_ERROR;
				CLANG_WARN_DOCUMENTATION_COMMENTS = YES;
				CLANG_WARN_EMPTY_BODY = YES;
				CLANG_WARN_ENUM_CONVERSION = YES;
				CLANG_WARN_INFINITE_RECURSION = YES;
				CLANG_WARN_INT_CONVERSION = YES;
				CLANG_WARN_NON_LITERAL_NULL_CONVERSION = YES;
				CLANG_WARN_OBJC_IMPLICIT_RETAIN_SELF = YES;
				CLANG_WARN_OBJC_LITERAL_CONVERSION = YES;
				CLANG_WARN_OBJC_ROOT_CLASS = YES_ERROR;
				CLANG_WARN_QUOTED_INCLUDE_IN_FRAMEWORK_HEADER = YES;
				CLANG_WARN_RANGE_LOOP_ANALYSIS = YES;
				CLANG_WARN_STRICT_PROTOTYPES = YES;
				CLANG_WARN_SUSPICIOUS_MOVE = YES;
				CLANG_WARN_UNGUARDED_AVAILABILITY = YES_AGGRESSIVE;
				CLANG_WARN_UNREACHABLE_CODE = YES;
				CLANG_WARN__DUPLICATE_METHOD_MATCH = YES;
				COPY_PHASE_STRIP = NO;
				DEBUG_INFORMATION_FORMAT = "dwarf-with-dsym";
				ENABLE_NS_ASSERTIONS = NO;
				ENABLE_STRICT_OBJC_MSGSEND = YES;
				ENABLE_USER_SCRIPT_SANDBOXING = YES;
				GCC_C_LANGUAGE_STANDARD = gnu17;
				GCC_NO_COMMON_BLOCKS = YES;
				GCC_WARN_64_TO_32_BIT_CONVERSION = YES;
				GCC_WARN_ABOUT_RETURN_TYPE = YES_ERROR;
				GCC_WARN_UNDECLARED_SELECTOR = YES;
				GCC_WARN_UNINITIALIZED_AUTOS = YES_AGGRESSIVE;
				GCC_WARN_UNUSED_FUNCTION = YES;
				GCC_WARN_UNUSED_VARIABLE = YES;
				IPHONEOS_DEPLOYMENT_TARGET = 17.2;
				LOCALIZATION_PREFERS_STRING_CATALOGS = YES;
				MTL_ENABLE_DEBUG_INFO = NO;
				MTL_FAST_MATH = YES;
				SDKROOT = iphoneos;
				SWIFT_COMPILATION_MODE = wholemodule;
				VALIDATE_PRODUCT = YES;
			};
			name = Release;
		};
		D5F76FC72BAAD93E0092C05B /* Debug */ = {
			isa = XCBuildConfiguration;
			buildSettings = {
				ASSETCATALOG_COMPILER_APPICON_NAME = AppIcon;
				ASSETCATALOG_COMPILER_GLOBAL_ACCENT_COLOR_NAME = AccentColor;
				CODE_SIGN_STYLE = Automatic;
				CURRENT_PROJECT_VERSION = 1;
				DEVELOPMENT_ASSET_PATHS = "\"iExpense/Preview Content\"";
				DEVELOPMENT_TEAM = 459U2C6ZFU;
				ENABLE_PREVIEWS = YES;
				GENERATE_INFOPLIST_FILE = YES;
				INFOPLIST_KEY_UIApplicationSceneManifest_Generation = YES;
				INFOPLIST_KEY_UIApplicationSupportsIndirectInputEvents = YES;
				INFOPLIST_KEY_UILaunchScreen_Generation = YES;
				INFOPLIST_KEY_UISupportedInterfaceOrientations_iPad = "UIInterfaceOrientationPortrait UIInterfaceOrientationPortraitUpsideDown UIInterfaceOrientationLandscapeLeft UIInterfaceOrientationLandscapeRight";
				INFOPLIST_KEY_UISupportedInterfaceOrientations_iPhone = "UIInterfaceOrientationPortrait UIInterfaceOrientationLandscapeLeft UIInterfaceOrientationLandscapeRight";
				LD_RUNPATH_SEARCH_PATHS = (
					"$(inherited)",
					"@executable_path/Frameworks",
				);
				MARKETING_VERSION = 1.0;
				PRODUCT_BUNDLE_IDENTIFIER = com.VidoDataCapture.lqqjob.iExpense;
				PRODUCT_NAME = "$(TARGET_NAME)";
				SWIFT_EMIT_LOC_STRINGS = YES;
				SWIFT_VERSION = 5.0;
				TARGETED_DEVICE_FAMILY = "1,2";
			};
			name = Debug;
		};
		D5F76FC82BAAD93E0092C05B /* Release */ = {
			isa = XCBuildConfiguration;
			buildSettings = {
				ASSETCATALOG_COMPILER_APPICON_NAME = AppIcon;
				ASSETCATALOG_COMPILER_GLOBAL_ACCENT_COLOR_NAME = AccentColor;
				CODE_SIGN_STYLE = Automatic;
				CURRENT_PROJECT_VERSION = 1;
				DEVELOPMENT_ASSET_PATHS = "\"iExpense/Preview Content\"";
				DEVELOPMENT_TEAM = 459U2C6ZFU;
				ENABLE_PREVIEWS = YES;
				GENERATE_INFOPLIST_FILE = YES;
				INFOPLIST_KEY_UIApplicationSceneManifest_Generation = YES;
				INFOPLIST_KEY_UIApplicationSupportsIndirectInputEvents = YES;
				INFOPLIST_KEY_UILaunchScreen_Generation = YES;
				INFOPLIST_KEY_UISupportedInterfaceOrientations_iPad = "UIInterfaceOrientationPortrait UIInterfaceOrientationPortraitUpsideDown UIInterfaceOrientationLandscapeLeft UIInterfaceOrientationLandscapeRight";
				INFOPLIST_KEY_UISupportedInterfaceOrientations_iPhone = "UIInterfaceOrientationPortrait UIInterfaceOrientationLandscapeLeft UIInterfaceOrientationLandscapeRight";
				LD_RUNPATH_SEARCH_PATHS = (
					"$(inherited)",
					"@executable_path/Frameworks",
				);
				MARKETING_VERSION = 1.0;
				PRODUCT_BUNDLE_IDENTIFIER = com.VidoDataCapture.lqqjob.iExpense;
				PRODUCT_NAME = "$(TARGET_NAME)";
				SWIFT_EMIT_LOC_STRINGS = YES;
				SWIFT_VERSION = 5.0;
				TARGETED_DEVICE_FAMILY = "1,2";
			};
			name = Release;
		};
/* End XCBuildConfiguration section */

/* Begin XCConfigurationList section */
		D5F76FB32BAAD93D0092C05B /* Build configuration list for PBXProject "iExpense" */ = {
			isa = XCConfigurationList;
			buildConfigurations = (
				D5F76FC42BAAD93E0092C05B /* Debug */,
				D5F76FC52BAAD93E0092C05B /* Release */,
			);
			defaultConfigurationIsVisible = 0;
			defaultConfigurationName = Release;
		};
		D5F76FC62BAAD93E0092C05B /* Build configuration list for PBXNativeTarget "iExpense" */ = {
			isa = XCConfigurationList;
			buildConfigurations = (
				D5F76FC72BAAD93E0092C05B /* Debug */,
				D5F76FC82BAAD93E0092C05B /* Release */,
			);
			defaultConfigurationIsVisible = 0;
			defaultConfigurationName = Release;
		};
/* End XCConfigurationList section */
	};
	rootObject = D5F76FB02BAAD93D0092C05B /* Project object */;
}
