// !$*UTF8*$!
{
	archiveVersion = 1;
	classes = {
	};
	objectVersion = 56;
	objects = {

/* Begin PBXBuildFile section */
		70DBC68C2B976F8C003DFEAC /* WeSplitApp.swift in Sources */ = {isa = PBXBuildFile; fileRef = 70DBC68B2B976F8C003DFEAC /* WeSplitApp.swift */; };
		70DBC68E2B976F8C003DFEAC /* ContentView.swift in Sources */ = {isa = PBXBuildFile; fileRef = 70DBC68D2B976F8C003DFEAC /* ContentView.swift */; };
		70DBC6902B976F8F003DFEAC /* Assets.xcassets in Resources */ = {isa = PBXBuildFile; fileRef = 70DBC68F2B976F8F003DFEAC /* Assets.xcassets */; };
		70DBC6932B976F8F003DFEAC /* Preview Assets.xcassets in Resources */ = {isa = PBXBuildFile; fileRef = 70DBC6922B976F8F003DFEAC /* Preview Assets.xcassets */; };
		70DBC69A2B97721A003DFEAC /* 1_CreatForm.swift in Sources */ = {isa = PBXBuildFile; fileRef = 70DBC6992B97721A003DFEAC /* 1_CreatForm.swift */; };
		70DBC69C2B9772C1003DFEAC /* 2_AddNavigation.swift in Sources */ = {isa = PBXBuildFile; fileRef = 70DBC69B2B9772C1003DFEAC /* 2_AddNavigation.swift */; };
		70DBC69E2B9773FB003DFEAC /* 3_UpdateStateView.swift in Sources */ = {isa = PBXBuildFile; fileRef = 70DBC69D2B9773FB003DFEAC /* 3_UpdateStateView.swift */; };
		70DBC6A02B977528003DFEAC /* 4_BindingStateToUserInterfaceControls.swift in Sources */ = {isa = PBXBuildFile; fileRef = 70DBC69F2B977528003DFEAC /* 4_BindingStateToUserInterfaceControls.swift */; };
		70DBC6A22B9776AF003DFEAC /* 5_CreatingViewsInALoop.swift in Sources */ = {isa = PBXBuildFile; fileRef = 70DBC6A12B9776AF003DFEAC /* 5_CreatingViewsInALoop.swift */; };
/* End PBXBuildFile section */

/* Begin PBXFileReference section */
		70DBC6882B976F8C003DFEAC /* WeSplit.app */ = {isa = PBXFileReference; explicitFileType = wrapper.application; includeInIndex = 0; path = WeSplit.app; sourceTree = BUILT_PRODUCTS_DIR; };
		70DBC68B2B976F8C003DFEAC /* WeSplitApp.swift */ = {isa = PBXFileReference; lastKnownFileType = sourcecode.swift; path = WeSplitApp.swift; sourceTree = "<group>"; };
		70DBC68D2B976F8C003DFEAC /* ContentView.swift */ = {isa = PBXFileReference; lastKnownFileType = sourcecode.swift; path = ContentView.swift; sourceTree = "<group>"; };
		70DBC68F2B976F8F003DFEAC /* Assets.xcassets */ = {isa = PBXFileReference; lastKnownFileType = folder.assetcatalog; path = Assets.xcassets; sourceTree = "<group>"; };
		70DBC6922B976F8F003DFEAC /* Preview Assets.xcassets */ = {isa = PBXFileReference; lastKnownFileType = folder.assetcatalog; path = "Preview Assets.xcassets"; sourceTree = "<group>"; };
		70DBC6992B97721A003DFEAC /* 1_CreatForm.swift */ = {isa = PBXFileReference; lastKnownFileType = sourcecode.swift; path = 1_CreatForm.swift; sourceTree = "<group>"; };
		70DBC69B2B9772C1003DFEAC /* 2_AddNavigation.swift */ = {isa = PBXFileReference; lastKnownFileType = sourcecode.swift; path = 2_AddNavigation.swift; sourceTree = "<group>"; };
		70DBC69D2B9773FB003DFEAC /* 3_UpdateStateView.swift */ = {isa = PBXFileReference; lastKnownFileType = sourcecode.swift; path = 3_UpdateStateView.swift; sourceTree = "<group>"; };
		70DBC69F2B977528003DFEAC /* 4_BindingStateToUserInterfaceControls.swift */ = {isa = PBXFileReference; lastKnownFileType = sourcecode.swift; path = 4_BindingStateToUserInterfaceControls.swift; sourceTree = "<group>"; };
		70DBC6A12B9776AF003DFEAC /* 5_CreatingViewsInALoop.swift */ = {isa = PBXFileReference; lastKnownFileType = sourcecode.swift; path = 5_CreatingViewsInALoop.swift; sourceTree = "<group>"; };
/* End PBXFileReference section */

/* Begin PBXFrameworksBuildPhase section */
		70DBC6852B976F8C003DFEAC /* Frameworks */ = {
			isa = PBXFrameworksBuildPhase;
			buildActionMask = 2147483647;
			files = (
			);
			runOnlyForDeploymentPostprocessing = 0;
		};
/* End PBXFrameworksBuildPhase section */

/* Begin PBXGroup section */
		70DBC67F2B976F8C003DFEAC = {
			isa = PBXGroup;
			children = (
				70DBC68A2B976F8C003DFEAC /* WeSplit */,
				70DBC6892B976F8C003DFEAC /* Products */,
			);
			sourceTree = "<group>";
		};
		70DBC6892B976F8C003DFEAC /* Products */ = {
			isa = PBXGroup;
			children = (
				70DBC6882B976F8C003DFEAC /* WeSplit.app */,
			);
			name = Products;
			sourceTree = "<group>";
		};
		70DBC68A2B976F8C003DFEAC /* WeSplit */ = {
			isa = PBXGroup;
			children = (
				70DBC68B2B976F8C003DFEAC /* WeSplitApp.swift */,
				70DBC68D2B976F8C003DFEAC /* ContentView.swift */,
				70DBC68F2B976F8F003DFEAC /* Assets.xcassets */,
				70DBC6912B976F8F003DFEAC /* Preview Content */,
				70DBC6992B97721A003DFEAC /* 1_CreatForm.swift */,
				70DBC69B2B9772C1003DFEAC /* 2_AddNavigation.swift */,
				70DBC69D2B9773FB003DFEAC /* 3_UpdateStateView.swift */,
				70DBC69F2B977528003DFEAC /* 4_BindingStateToUserInterfaceControls.swift */,
				70DBC6A12B9776AF003DFEAC /* 5_CreatingViewsInALoop.swift */,
			);
			path = WeSplit;
			sourceTree = "<group>";
		};
		70DBC6912B976F8F003DFEAC /* Preview Content */ = {
			isa = PBXGroup;
			children = (
				70DBC6922B976F8F003DFEAC /* Preview Assets.xcassets */,
			);
			path = "Preview Content";
			sourceTree = "<group>";
		};
/* End PBXGroup section */

/* Begin PBXNativeTarget section */
		70DBC6872B976F8C003DFEAC /* WeSplit */ = {
			isa = PBXNativeTarget;
			buildConfigurationList = 70DBC6962B976F8F003DFEAC /* Build configuration list for PBXNativeTarget "WeSplit" */;
			buildPhases = (
				70DBC6842B976F8C003DFEAC /* Sources */,
				70DBC6852B976F8C003DFEAC /* Frameworks */,
				70DBC6862B976F8C003DFEAC /* Resources */,
			);
			buildRules = (
			);
			dependencies = (
			);
			name = WeSplit;
			productName = WeSplit;
			productReference = 70DBC6882B976F8C003DFEAC /* WeSplit.app */;
			productType = "com.apple.product-type.application";
		};
/* End PBXNativeTarget section */

/* Begin PBXProject section */
		70DBC6802B976F8C003DFEAC /* Project object */ = {
			isa = PBXProject;
			attributes = {
				BuildIndependentTargetsInParallel = 1;
				LastSwiftUpdateCheck = 1520;
				LastUpgradeCheck = 1520;
				TargetAttributes = {
					70DBC6872B976F8C003DFEAC = {
						CreatedOnToolsVersion = 15.2;
					};
				};
			};
			buildConfigurationList = 70DBC6832B976F8C003DFEAC /* Build configuration list for PBXProject "WeSplit" */;
			compatibilityVersion = "Xcode 14.0";
			developmentRegion = en;
			hasScannedForEncodings = 0;
			knownRegions = (
				en,
				Base,
			);
			mainGroup = 70DBC67F2B976F8C003DFEAC;
			productRefGroup = 70DBC6892B976F8C003DFEAC /* Products */;
			projectDirPath = "";
			projectRoot = "";
			targets = (
				70DBC6872B976F8C003DFEAC /* WeSplit */,
			);
		};
/* End PBXProject section */

/* Begin PBXResourcesBuildPhase section */
		70DBC6862B976F8C003DFEAC /* Resources */ = {
			isa = PBXResourcesBuildPhase;
			buildActionMask = 2147483647;
			files = (
				70DBC6932B976F8F003DFEAC /* Preview Assets.xcassets in Resources */,
				70DBC6902B976F8F003DFEAC /* Assets.xcassets in Resources */,
			);
			runOnlyForDeploymentPostprocessing = 0;
		};
/* End PBXResourcesBuildPhase section */

/* Begin PBXSourcesBuildPhase section */
		70DBC6842B976F8C003DFEAC /* Sources */ = {
			isa = PBXSourcesBuildPhase;
			buildActionMask = 2147483647;
			files = (
				70DBC68E2B976F8C003DFEAC /* ContentView.swift in Sources */,
				70DBC6A02B977528003DFEAC /* 4_BindingStateToUserInterfaceControls.swift in Sources */,
				70DBC69A2B97721A003DFEAC /* 1_CreatForm.swift in Sources */,
				70DBC68C2B976F8C003DFEAC /* WeSplitApp.swift in Sources */,
				70DBC69E2B9773FB003DFEAC /* 3_UpdateStateView.swift in Sources */,
				70DBC69C2B9772C1003DFEAC /* 2_AddNavigation.swift in Sources */,
				70DBC6A22B9776AF003DFEAC /* 5_CreatingViewsInALoop.swift in Sources */,
			);
			runOnlyForDeploymentPostprocessing = 0;
		};
/* End PBXSourcesBuildPhase section */

/* Begin XCBuildConfiguration section */
		70DBC6942B976F8F003DFEAC /* Debug */ = {
			isa = XCBuildConfiguration;
			buildSettings = {
				ALWAYS_SEARCH_USER_PATHS = NO;
				ASSETCATALOG_COMPILER_GENERATE_SWIFT_ASSET_SYMBOL_EXTENSIONS = YES;
				CLANG_ANALYZER_NONNULL = YES;
				CLANG_ANALYZER_NUMBER_OBJECT_CONVERSION = YES_AGGRESSIVE;
				CLANG_CXX_LANGUAGE_STANDARD = "gnu++20";
				CLANG_ENABLE_MODULES = YES;
				CLANG_ENABLE_OBJC_ARC = YES;
				CLANG_ENABLE_OBJC_WEAK = YES;
				CLANG_WARN_BLOCK_CAPTURE_AUTORELEASING = YES;
				CLANG_WARN_BOOL_CONVERSION = YES;
				CLANG_WARN_COMMA = YES;
				CLANG_WARN_CONSTANT_CONVERSION = YES;
				CLANG_WARN_DEPRECATED_OBJC_IMPLEMENTATIONS = YES;
				CLANG_WARN_DIRECT_OBJC_ISA_USAGE = YES_ERROR;
				CLANG_WARN_DOCUMENTATION_COMMENTS = YES;
				CLANG_WARN_EMPTY_BODY = YES;
				CLANG_WARN_ENUM_CONVERSION = YES;
				CLANG_WARN_INFINITE_RECURSION = YES;
				CLANG_WARN_INT_CONVERSION = YES;
				CLANG_WARN_NON_LITERAL_NULL_CONVERSION = YES;
				CLANG_WARN_OBJC_IMPLICIT_RETAIN_SELF = YES;
				CLANG_WARN_OBJC_LITERAL_CONVERSION = YES;
				CLANG_WARN_OBJC_ROOT_CLASS = YES_ERROR;
				CLANG_WARN_QUOTED_INCLUDE_IN_FRAMEWORK_HEADER = YES;
				CLANG_WARN_RANGE_LOOP_ANALYSIS = YES;
				CLANG_WARN_STRICT_PROTOTYPES = YES;
				CLANG_WARN_SUSPICIOUS_MOVE = YES;
				CLANG_WARN_UNGUARDED_AVAILABILITY = YES_AGGRESSIVE;
				CLANG_WARN_UNREACHABLE_CODE = YES;
				CLANG_WARN__DUPLICATE_METHOD_MATCH = YES;
				COPY_PHASE_STRIP = NO;
				DEBUG_INFORMATION_FORMAT = dwarf;
				ENABLE_STRICT_OBJC_MSGSEND = YES;
				ENABLE_TESTABILITY = YES;
				ENABLE_USER_SCRIPT_SANDBOXING = YES;
				GCC_C_LANGUAGE_STANDARD = gnu17;
				GCC_DYNAMIC_NO_PIC = NO;
				GCC_NO_COMMON_BLOCKS = YES;
				GCC_OPTIMIZATION_LEVEL = 0;
				GCC_PREPROCESSOR_DEFINITIONS = (
					"DEBUG=1",
					"$(inherited)",
				);
				GCC_WARN_64_TO_32_BIT_CONVERSION = YES;
				GCC_WARN_ABOUT_RETURN_TYPE = YES_ERROR;
				GCC_WARN_UNDECLARED_SELECTOR = YES;
				GCC_WARN_UNINITIALIZED_AUTOS = YES_AGGRESSIVE;
				GCC_WARN_UNUSED_FUNCTION = YES;
				GCC_WARN_UNUSED_VARIABLE = YES;
				IPHONEOS_DEPLOYMENT_TARGET = 17.2;
				LOCALIZATION_PREFERS_STRING_CATALOGS = YES;
				MTL_ENABLE_DEBUG_INFO = INCLUDE_SOURCE;
				MTL_FAST_MATH = YES;
				ONLY_ACTIVE_ARCH = YES;
				SDKROOT = iphoneos;
				SWIFT_ACTIVE_COMPILATION_CONDITIONS = "DEBUG $(inherited)";
				SWIFT_OPTIMIZATION_LEVEL = "-Onone";
			};
			name = Debug;
		};
		70DBC6952B976F8F003DFEAC /* Release */ = {
			isa = XCBuildConfiguration;
			buildSettings = {
				ALWAYS_SEARCH_USER_PATHS = NO;
				ASSETCATALOG_COMPILER_GENERATE_SWIFT_ASSET_SYMBOL_EXTENSIONS = YES;
				CLANG_ANALYZER_NONNULL = YES;
				CLANG_ANALYZER_NUMBER_OBJECT_CONVERSION = YES_AGGRESSIVE;
				CLANG_CXX_LANGUAGE_STANDARD = "gnu++20";
				CLANG_ENABLE_MODULES = YES;
				CLANG_ENABLE_OBJC_ARC = YES;
				CLANG_ENABLE_OBJC_WEAK = YES;
				CLANG_WARN_BLOCK_CAPTURE_AUTORELEASING = YES;
				CLANG_WARN_BOOL_CONVERSION = YES;
				CLANG_WARN_COMMA = YES;
				CLANG_WARN_CONSTANT_CONVERSION = YES;
				CLANG_WARN_DEPRECATED_OBJC_IMPLEMENTATIONS = YES;
				CLANG_WARN_DIRECT_OBJC_ISA_USAGE = YES_ERROR;
				CLANG_WARN_DOCUMENTATION_COMMENTS = YES;
				CLANG_WARN_EMPTY_BODY = YES;
				CLANG_WARN_ENUM_CONVERSION = YES;
				CLANG_WARN_INFINITE_RECURSION = YES;
				CLANG_WARN_INT_CONVERSION = YES;
				CLANG_WARN_NON_LITERAL_NULL_CONVERSION = YES;
				CLANG_WARN_OBJC_IMPLICIT_RETAIN_SELF = YES;
				CLANG_WARN_OBJC_LITERAL_CONVERSION = YES;
				CLANG_WARN_OBJC_ROOT_CLASS = YES_ERROR;
				CLANG_WARN_QUOTED_INCLUDE_IN_FRAMEWORK_HEADER = YES;
				CLANG_WARN_RANGE_LOOP_ANALYSIS = YES;
				CLANG_WARN_STRICT_PROTOTYPES = YES;
				CLANG_WARN_SUSPICIOUS_MOVE = YES;
				CLANG_WARN_UNGUARDED_AVAILABILITY = YES_AGGRESSIVE;
				CLANG_WARN_UNREACHABLE_CODE = YES;
				CLANG_WARN__DUPLICATE_METHOD_MATCH = YES;
				COPY_PHASE_STRIP = NO;
				DEBUG_INFORMATION_FORMAT = "dwarf-with-dsym";
				ENABLE_NS_ASSERTIONS = NO;
				ENABLE_STRICT_OBJC_MSGSEND = YES;
				ENABLE_USER_SCRIPT_SANDBOXING = YES;
				GCC_C_LANGUAGE_STANDARD = gnu17;
				GCC_NO_COMMON_BLOCKS = YES;
				GCC_WARN_64_TO_32_BIT_CONVERSION = YES;
				GCC_WARN_ABOUT_RETURN_TYPE = YES_ERROR;
				GCC_WARN_UNDECLARED_SELECTOR = YES;
				GCC_WARN_UNINITIALIZED_AUTOS = YES_AGGRESSIVE;
				GCC_WARN_UNUSED_FUNCTION = YES;
				GCC_WARN_UNUSED_VARIABLE = YES;
				IPHONEOS_DEPLOYMENT_TARGET = 17.2;
				LOCALIZATION_PREFERS_STRING_CATALOGS = YES;
				MTL_ENABLE_DEBUG_INFO = NO;
				MTL_FAST_MATH = YES;
				SDKROOT = iphoneos;
				SWIFT_COMPILATION_MODE = wholemodule;
				VALIDATE_PRODUCT = YES;
			};
			name = Release;
		};
		70DBC6972B976F8F003DFEAC /* Debug */ = {
			isa = XCBuildConfiguration;
			buildSettings = {
				ASSETCATALOG_COMPILER_APPICON_NAME = AppIcon;
				ASSETCATALOG_COMPILER_GLOBAL_ACCENT_COLOR_NAME = AccentColor;
				CODE_SIGN_STYLE = Automatic;
				CURRENT_PROJECT_VERSION = 1;
				DEVELOPMENT_ASSET_PATHS = "\"WeSplit/Preview Content\"";
				DEVELOPMENT_TEAM = 459U2C6ZFU;
				ENABLE_PREVIEWS = YES;
				GENERATE_INFOPLIST_FILE = YES;
				INFOPLIST_KEY_UIApplicationSceneManifest_Generation = YES;
				INFOPLIST_KEY_UIApplicationSupportsIndirectInputEvents = YES;
				INFOPLIST_KEY_UILaunchScreen_Generation = YES;
				INFOPLIST_KEY_UISupportedInterfaceOrientations_iPad = "UIInterfaceOrientationPortrait UIInterfaceOrientationPortraitUpsideDown UIInterfaceOrientationLandscapeLeft UIInterfaceOrientationLandscapeRight";
				INFOPLIST_KEY_UISupportedInterfaceOrientations_iPhone = "UIInterfaceOrientationPortrait UIInterfaceOrientationLandscapeLeft UIInterfaceOrientationLandscapeRight";
				LD_RUNPATH_SEARCH_PATHS = (
					"$(inherited)",
					"@executable_path/Frameworks",
				);
				MARKETING_VERSION = 1.0;
				PRODUCT_BUNDLE_IDENTIFIER = orvibo.WeSplit;
				PRODUCT_NAME = "$(TARGET_NAME)";
				SWIFT_EMIT_LOC_STRINGS = YES;
				SWIFT_VERSION = 5.0;
				TARGETED_DEVICE_FAMILY = "1,2";
			};
			name = Debug;
		};
		70DBC6982B976F8F003DFEAC /* Release */ = {
			isa = XCBuildConfiguration;
			buildSettings = {
				ASSETCATALOG_COMPILER_APPICON_NAME = AppIcon;
				ASSETCATALOG_COMPILER_GLOBAL_ACCENT_COLOR_NAME = AccentColor;
				CODE_SIGN_STYLE = Automatic;
				CURRENT_PROJECT_VERSION = 1;
				DEVELOPMENT_ASSET_PATHS = "\"WeSplit/Preview Content\"";
				DEVELOPMENT_TEAM = 459U2C6ZFU;
				ENABLE_PREVIEWS = YES;
				GENERATE_INFOPLIST_FILE = YES;
				INFOPLIST_KEY_UIApplicationSceneManifest_Generation = YES;
				INFOPLIST_KEY_UIApplicationSupportsIndirectInputEvents = YES;
				INFOPLIST_KEY_UILaunchScreen_Generation = YES;
				INFOPLIST_KEY_UISupportedInterfaceOrientations_iPad = "UIInterfaceOrientationPortrait UIInterfaceOrientationPortraitUpsideDown UIInterfaceOrientationLandscapeLeft UIInterfaceOrientationLandscapeRight";
				INFOPLIST_KEY_UISupportedInterfaceOrientations_iPhone = "UIInterfaceOrientationPortrait UIInterfaceOrientationLandscapeLeft UIInterfaceOrientationLandscapeRight";
				LD_RUNPATH_SEARCH_PATHS = (
					"$(inherited)",
					"@executable_path/Frameworks",
				);
				MARKETING_VERSION = 1.0;
				PRODUCT_BUNDLE_IDENTIFIER = orvibo.WeSplit;
				PRODUCT_NAME = "$(TARGET_NAME)";
				SWIFT_EMIT_LOC_STRINGS = YES;
				SWIFT_VERSION = 5.0;
				TARGETED_DEVICE_FAMILY = "1,2";
			};
			name = Release;
		};
/* End XCBuildConfiguration section */

/* Begin XCConfigurationList section */
		70DBC6832B976F8C003DFEAC /* Build configuration list for PBXProject "WeSplit" */ = {
			isa = XCConfigurationList;
			buildConfigurations = (
				70DBC6942B976F8F003DFEAC /* Debug */,
				70DBC6952B976F8F003DFEAC /* Release */,
			);
			defaultConfigurationIsVisible = 0;
			defaultConfigurationName = Release;
		};
		70DBC6962B976F8F003DFEAC /* Build configuration list for PBXNativeTarget "WeSplit" */ = {
			isa = XCConfigurationList;
			buildConfigurations = (
				70DBC6972B976F8F003DFEAC /* Debug */,
				70DBC6982B976F8F003DFEAC /* Release */,
			);
			defaultConfigurationIsVisible = 0;
			defaultConfigurationName = Release;
		};
/* End XCConfigurationList section */
	};
	rootObject = 70DBC6802B976F8C003DFEAC /* Project object */;
}
