// !$*UTF8*$!
{
	archiveVersion = 1;
	classes = {
	};
	objectVersion = 56;
	objects = {

/* Begin PBXBuildFile section */
		705FD9C12BD3F26B0036E2B9 /* BucketListApp.swift in Sources */ = {isa = PBXBuildFile; fileRef = 705FD9C02BD3F26B0036E2B9 /* BucketListApp.swift */; };
		705FD9C32BD3F26B0036E2B9 /* ContentView.swift in Sources */ = {isa = PBXBuildFile; fileRef = 705FD9C22BD3F26B0036E2B9 /* ContentView.swift */; };
		705FD9C52BD3F26D0036E2B9 /* Assets.xcassets in Resources */ = {isa = PBXBuildFile; fileRef = 705FD9C42BD3F26D0036E2B9 /* Assets.xcassets */; };
		705FD9C82BD3F26D0036E2B9 /* Preview Assets.xcassets in Resources */ = {isa = PBXBuildFile; fileRef = 705FD9C72BD3F26D0036E2B9 /* Preview Assets.xcassets */; };
		705FD9CF2BD3F60D0036E2B9 /* 1_ComparableForCustomTypes.swift in Sources */ = {isa = PBXBuildFile; fileRef = 705FD9CE2BD3F60D0036E2B9 /* 1_ComparableForCustomTypes.swift */; };
		705FD9D12BD3F8100036E2B9 /* 2_WritingDataToTheDocumentsDirectory.swift in Sources */ = {isa = PBXBuildFile; fileRef = 705FD9D02BD3F8100036E2B9 /* 2_WritingDataToTheDocumentsDirectory.swift */; };
		705FD9D32BD3F9BE0036E2B9 /* 3_SwitchingViewStatesWithEnums.swift in Sources */ = {isa = PBXBuildFile; fileRef = 705FD9D22BD3F9BE0036E2B9 /* 3_SwitchingViewStatesWithEnums.swift */; };
		705FD9D52BD3FDC10036E2B9 /* 4_IntegratingMapKit.swift in Sources */ = {isa = PBXBuildFile; fileRef = 705FD9D42BD3FDC10036E2B9 /* 4_IntegratingMapKit.swift */; };
		705FD9D72BD405970036E2B9 /* 5_UsingTouchIDAndFaceID.swift in Sources */ = {isa = PBXBuildFile; fileRef = 705FD9D62BD405970036E2B9 /* 5_UsingTouchIDAndFaceID.swift */; };
		705FD9D92BD565C90036E2B9 /* EditView.swift in Sources */ = {isa = PBXBuildFile; fileRef = 705FD9D82BD565C90036E2B9 /* EditView.swift */; };
		705FD9DB2BD6B0A30036E2B9 /* Result.swift in Sources */ = {isa = PBXBuildFile; fileRef = 705FD9DA2BD6B0A30036E2B9 /* Result.swift */; };
/* End PBXBuildFile section */

/* Begin PBXFileReference section */
		705FD9BD2BD3F26B0036E2B9 /* BucketList.app */ = {isa = PBXFileReference; explicitFileType = wrapper.application; includeInIndex = 0; path = BucketList.app; sourceTree = BUILT_PRODUCTS_DIR; };
		705FD9C02BD3F26B0036E2B9 /* BucketListApp.swift */ = {isa = PBXFileReference; lastKnownFileType = sourcecode.swift; path = BucketListApp.swift; sourceTree = "<group>"; };
		705FD9C22BD3F26B0036E2B9 /* ContentView.swift */ = {isa = PBXFileReference; lastKnownFileType = sourcecode.swift; path = ContentView.swift; sourceTree = "<group>"; };
		705FD9C42BD3F26D0036E2B9 /* Assets.xcassets */ = {isa = PBXFileReference; lastKnownFileType = folder.assetcatalog; path = Assets.xcassets; sourceTree = "<group>"; };
		705FD9C72BD3F26D0036E2B9 /* Preview Assets.xcassets */ = {isa = PBXFileReference; lastKnownFileType = folder.assetcatalog; path = "Preview Assets.xcassets"; sourceTree = "<group>"; };
		705FD9CE2BD3F60D0036E2B9 /* 1_ComparableForCustomTypes.swift */ = {isa = PBXFileReference; lastKnownFileType = sourcecode.swift; path = 1_ComparableForCustomTypes.swift; sourceTree = "<group>"; };
		705FD9D02BD3F8100036E2B9 /* 2_WritingDataToTheDocumentsDirectory.swift */ = {isa = PBXFileReference; lastKnownFileType = sourcecode.swift; path = 2_WritingDataToTheDocumentsDirectory.swift; sourceTree = "<group>"; };
		705FD9D22BD3F9BE0036E2B9 /* 3_SwitchingViewStatesWithEnums.swift */ = {isa = PBXFileReference; lastKnownFileType = sourcecode.swift; path = 3_SwitchingViewStatesWithEnums.swift; sourceTree = "<group>"; };
		705FD9D42BD3FDC10036E2B9 /* 4_IntegratingMapKit.swift */ = {isa = PBXFileReference; lastKnownFileType = sourcecode.swift; path = 4_IntegratingMapKit.swift; sourceTree = "<group>"; };
		705FD9D62BD405970036E2B9 /* 5_UsingTouchIDAndFaceID.swift */ = {isa = PBXFileReference; lastKnownFileType = sourcecode.swift; path = 5_UsingTouchIDAndFaceID.swift; sourceTree = "<group>"; };
		705FD9D82BD565C90036E2B9 /* EditView.swift */ = {isa = PBXFileReference; lastKnownFileType = sourcecode.swift; path = EditView.swift; sourceTree = "<group>"; };
		705FD9DA2BD6B0A30036E2B9 /* Result.swift */ = {isa = PBXFileReference; lastKnownFileType = sourcecode.swift; path = Result.swift; sourceTree = "<group>"; };
/* End PBXFileReference section */

/* Begin PBXFrameworksBuildPhase section */
		705FD9BA2BD3F26B0036E2B9 /* Frameworks */ = {
			isa = PBXFrameworksBuildPhase;
			buildActionMask = 2147483647;
			files = (
			);
			runOnlyForDeploymentPostprocessing = 0;
		};
/* End PBXFrameworksBuildPhase section */

/* Begin PBXGroup section */
		705FD9B42BD3F26B0036E2B9 = {
			isa = PBXGroup;
			children = (
				705FD9BF2BD3F26B0036E2B9 /* BucketList */,
				705FD9BE2BD3F26B0036E2B9 /* Products */,
			);
			sourceTree = "<group>";
		};
		705FD9BE2BD3F26B0036E2B9 /* Products */ = {
			isa = PBXGroup;
			children = (
				705FD9BD2BD3F26B0036E2B9 /* BucketList.app */,
			);
			name = Products;
			sourceTree = "<group>";
		};
		705FD9BF2BD3F26B0036E2B9 /* BucketList */ = {
			isa = PBXGroup;
			children = (
				705FD9C02BD3F26B0036E2B9 /* BucketListApp.swift */,
				705FD9C22BD3F26B0036E2B9 /* ContentView.swift */,
				705FD9D82BD565C90036E2B9 /* EditView.swift */,
				705FD9DA2BD6B0A30036E2B9 /* Result.swift */,
				705FD9CE2BD3F60D0036E2B9 /* 1_ComparableForCustomTypes.swift */,
				705FD9D02BD3F8100036E2B9 /* 2_WritingDataToTheDocumentsDirectory.swift */,
				705FD9D22BD3F9BE0036E2B9 /* 3_SwitchingViewStatesWithEnums.swift */,
				705FD9D42BD3FDC10036E2B9 /* 4_IntegratingMapKit.swift */,
				705FD9D62BD405970036E2B9 /* 5_UsingTouchIDAndFaceID.swift */,
				705FD9C42BD3F26D0036E2B9 /* Assets.xcassets */,
				705FD9C62BD3F26D0036E2B9 /* Preview Content */,
			);
			path = BucketList;
			sourceTree = "<group>";
		};
		705FD9C62BD3F26D0036E2B9 /* Preview Content */ = {
			isa = PBXGroup;
			children = (
				705FD9C72BD3F26D0036E2B9 /* Preview Assets.xcassets */,
			);
			path = "Preview Content";
			sourceTree = "<group>";
		};
/* End PBXGroup section */

/* Begin PBXNativeTarget section */
		705FD9BC2BD3F26B0036E2B9 /* BucketList */ = {
			isa = PBXNativeTarget;
			buildConfigurationList = 705FD9CB2BD3F26D0036E2B9 /* Build configuration list for PBXNativeTarget "BucketList" */;
			buildPhases = (
				705FD9B92BD3F26B0036E2B9 /* Sources */,
				705FD9BA2BD3F26B0036E2B9 /* Frameworks */,
				705FD9BB2BD3F26B0036E2B9 /* Resources */,
			);
			buildRules = (
			);
			dependencies = (
			);
			name = BucketList;
			productName = BucketList;
			productReference = 705FD9BD2BD3F26B0036E2B9 /* BucketList.app */;
			productType = "com.apple.product-type.application";
		};
/* End PBXNativeTarget section */

/* Begin PBXProject section */
		705FD9B52BD3F26B0036E2B9 /* Project object */ = {
			isa = PBXProject;
			attributes = {
				BuildIndependentTargetsInParallel = 1;
				LastSwiftUpdateCheck = 1530;
				LastUpgradeCheck = 1530;
				TargetAttributes = {
					705FD9BC2BD3F26B0036E2B9 = {
						CreatedOnToolsVersion = 15.3;
					};
				};
			};
			buildConfigurationList = 705FD9B82BD3F26B0036E2B9 /* Build configuration list for PBXProject "BucketList" */;
			compatibilityVersion = "Xcode 14.0";
			developmentRegion = en;
			hasScannedForEncodings = 0;
			knownRegions = (
				en,
				Base,
			);
			mainGroup = 705FD9B42BD3F26B0036E2B9;
			productRefGroup = 705FD9BE2BD3F26B0036E2B9 /* Products */;
			projectDirPath = "";
			projectRoot = "";
			targets = (
				705FD9BC2BD3F26B0036E2B9 /* BucketList */,
			);
		};
/* End PBXProject section */

/* Begin PBXResourcesBuildPhase section */
		705FD9BB2BD3F26B0036E2B9 /* Resources */ = {
			isa = PBXResourcesBuildPhase;
			buildActionMask = 2147483647;
			files = (
				705FD9C82BD3F26D0036E2B9 /* Preview Assets.xcassets in Resources */,
				705FD9C52BD3F26D0036E2B9 /* Assets.xcassets in Resources */,
			);
			runOnlyForDeploymentPostprocessing = 0;
		};
/* End PBXResourcesBuildPhase section */

/* Begin PBXSourcesBuildPhase section */
		705FD9B92BD3F26B0036E2B9 /* Sources */ = {
			isa = PBXSourcesBuildPhase;
			buildActionMask = 2147483647;
			files = (
				705FD9DB2BD6B0A30036E2B9 /* Result.swift in Sources */,
				705FD9D12BD3F8100036E2B9 /* 2_WritingDataToTheDocumentsDirectory.swift in Sources */,
				705FD9C32BD3F26B0036E2B9 /* ContentView.swift in Sources */,
				705FD9D92BD565C90036E2B9 /* EditView.swift in Sources */,
				705FD9D52BD3FDC10036E2B9 /* 4_IntegratingMapKit.swift in Sources */,
				705FD9C12BD3F26B0036E2B9 /* BucketListApp.swift in Sources */,
				705FD9D32BD3F9BE0036E2B9 /* 3_SwitchingViewStatesWithEnums.swift in Sources */,
				705FD9D72BD405970036E2B9 /* 5_UsingTouchIDAndFaceID.swift in Sources */,
				705FD9CF2BD3F60D0036E2B9 /* 1_ComparableForCustomTypes.swift in Sources */,
			);
			runOnlyForDeploymentPostprocessing = 0;
		};
/* End PBXSourcesBuildPhase section */

/* Begin XCBuildConfiguration section */
		705FD9C92BD3F26D0036E2B9 /* Debug */ = {
			isa = XCBuildConfiguration;
			buildSettings = {
				ALWAYS_SEARCH_USER_PATHS = NO;
				ASSETCATALOG_COMPILER_GENERATE_SWIFT_ASSET_SYMBOL_EXTENSIONS = YES;
				CLANG_ANALYZER_NONNULL = YES;
				CLANG_ANALYZER_NUMBER_OBJECT_CONVERSION = YES_AGGRESSIVE;
				CLANG_CXX_LANGUAGE_STANDARD = "gnu++20";
				CLANG_ENABLE_MODULES = YES;
				CLANG_ENABLE_OBJC_ARC = YES;
				CLANG_ENABLE_OBJC_WEAK = YES;
				CLANG_WARN_BLOCK_CAPTURE_AUTORELEASING = YES;
				CLANG_WARN_BOOL_CONVERSION = YES;
				CLANG_WARN_COMMA = YES;
				CLANG_WARN_CONSTANT_CONVERSION = YES;
				CLANG_WARN_DEPRECATED_OBJC_IMPLEMENTATIONS = YES;
				CLANG_WARN_DIRECT_OBJC_ISA_USAGE = YES_ERROR;
				CLANG_WARN_DOCUMENTATION_COMMENTS = YES;
				CLANG_WARN_EMPTY_BODY = YES;
				CLANG_WARN_ENUM_CONVERSION = YES;
				CLANG_WARN_INFINITE_RECURSION = YES;
				CLANG_WARN_INT_CONVERSION = YES;
				CLANG_WARN_NON_LITERAL_NULL_CONVERSION = YES;
				CLANG_WARN_OBJC_IMPLICIT_RETAIN_SELF = YES;
				CLANG_WARN_OBJC_LITERAL_CONVERSION = YES;
				CLANG_WARN_OBJC_ROOT_CLASS = YES_ERROR;
				CLANG_WARN_QUOTED_INCLUDE_IN_FRAMEWORK_HEADER = YES;
				CLANG_WARN_RANGE_LOOP_ANALYSIS = YES;
				CLANG_WARN_STRICT_PROTOTYPES = YES;
				CLANG_WARN_SUSPICIOUS_MOVE = YES;
				CLANG_WARN_UNGUARDED_AVAILABILITY = YES_AGGRESSIVE;
				CLANG_WARN_UNREACHABLE_CODE = YES;
				CLANG_WARN__DUPLICATE_METHOD_MATCH = YES;
				COPY_PHASE_STRIP = NO;
				DEBUG_INFORMATION_FORMAT = dwarf;
				ENABLE_STRICT_OBJC_MSGSEND = YES;
				ENABLE_TESTABILITY = YES;
				ENABLE_USER_SCRIPT_SANDBOXING = YES;
				GCC_C_LANGUAGE_STANDARD = gnu17;
				GCC_DYNAMIC_NO_PIC = NO;
				GCC_NO_COMMON_BLOCKS = YES;
				GCC_OPTIMIZATION_LEVEL = 0;
				GCC_PREPROCESSOR_DEFINITIONS = (
					"DEBUG=1",
					"$(inherited)",
				);
				GCC_WARN_64_TO_32_BIT_CONVERSION = YES;
				GCC_WARN_ABOUT_RETURN_TYPE = YES_ERROR;
				GCC_WARN_UNDECLARED_SELECTOR = YES;
				GCC_WARN_UNINITIALIZED_AUTOS = YES_AGGRESSIVE;
				GCC_WARN_UNUSED_FUNCTION = YES;
				GCC_WARN_UNUSED_VARIABLE = YES;
				IPHONEOS_DEPLOYMENT_TARGET = 17.4;
				LOCALIZATION_PREFERS_STRING_CATALOGS = YES;
				MTL_ENABLE_DEBUG_INFO = INCLUDE_SOURCE;
				MTL_FAST_MATH = YES;
				ONLY_ACTIVE_ARCH = YES;
				SDKROOT = iphoneos;
				SWIFT_ACTIVE_COMPILATION_CONDITIONS = "DEBUG $(inherited)";
				SWIFT_OPTIMIZATION_LEVEL = "-Onone";
			};
			name = Debug;
		};
		705FD9CA2BD3F26D0036E2B9 /* Release */ = {
			isa = XCBuildConfiguration;
			buildSettings = {
				ALWAYS_SEARCH_USER_PATHS = NO;
				ASSETCATALOG_COMPILER_GENERATE_SWIFT_ASSET_SYMBOL_EXTENSIONS = YES;
				CLANG_ANALYZER_NONNULL = YES;
				CLANG_ANALYZER_NUMBER_OBJECT_CONVERSION = YES_AGGRESSIVE;
				CLANG_CXX_LANGUAGE_STANDARD = "gnu++20";
				CLANG_ENABLE_MODULES = YES;
				CLANG_ENABLE_OBJC_ARC = YES;
				CLANG_ENABLE_OBJC_WEAK = YES;
				CLANG_WARN_BLOCK_CAPTURE_AUTORELEASING = YES;
				CLANG_WARN_BOOL_CONVERSION = YES;
				CLANG_WARN_COMMA = YES;
				CLANG_WARN_CONSTANT_CONVERSION = YES;
				CLANG_WARN_DEPRECATED_OBJC_IMPLEMENTATIONS = YES;
				CLANG_WARN_DIRECT_OBJC_ISA_USAGE = YES_ERROR;
				CLANG_WARN_DOCUMENTATION_COMMENTS = YES;
				CLANG_WARN_EMPTY_BODY = YES;
				CLANG_WARN_ENUM_CONVERSION = YES;
				CLANG_WARN_INFINITE_RECURSION = YES;
				CLANG_WARN_INT_CONVERSION = YES;
				CLANG_WARN_NON_LITERAL_NULL_CONVERSION = YES;
				CLANG_WARN_OBJC_IMPLICIT_RETAIN_SELF = YES;
				CLANG_WARN_OBJC_LITERAL_CONVERSION = YES;
				CLANG_WARN_OBJC_ROOT_CLASS = YES_ERROR;
				CLANG_WARN_QUOTED_INCLUDE_IN_FRAMEWORK_HEADER = YES;
				CLANG_WARN_RANGE_LOOP_ANALYSIS = YES;
				CLANG_WARN_STRICT_PROTOTYPES = YES;
				CLANG_WARN_SUSPICIOUS_MOVE = YES;
				CLANG_WARN_UNGUARDED_AVAILABILITY = YES_AGGRESSIVE;
				CLANG_WARN_UNREACHABLE_CODE = YES;
				CLANG_WARN__DUPLICATE_METHOD_MATCH = YES;
				COPY_PHASE_STRIP = NO;
				DEBUG_INFORMATION_FORMAT = "dwarf-with-dsym";
				ENABLE_NS_ASSERTIONS = NO;
				ENABLE_STRICT_OBJC_MSGSEND = YES;
				ENABLE_USER_SCRIPT_SANDBOXING = YES;
				GCC_C_LANGUAGE_STANDARD = gnu17;
				GCC_NO_COMMON_BLOCKS = YES;
				GCC_WARN_64_TO_32_BIT_CONVERSION = YES;
				GCC_WARN_ABOUT_RETURN_TYPE = YES_ERROR;
				GCC_WARN_UNDECLARED_SELECTOR = YES;
				GCC_WARN_UNINITIALIZED_AUTOS = YES_AGGRESSIVE;
				GCC_WARN_UNUSED_FUNCTION = YES;
				GCC_WARN_UNUSED_VARIABLE = YES;
				IPHONEOS_DEPLOYMENT_TARGET = 17.4;
				LOCALIZATION_PREFERS_STRING_CATALOGS = YES;
				MTL_ENABLE_DEBUG_INFO = NO;
				MTL_FAST_MATH = YES;
				SDKROOT = iphoneos;
				SWIFT_COMPILATION_MODE = wholemodule;
				VALIDATE_PRODUCT = YES;
			};
			name = Release;
		};
		705FD9CC2BD3F26D0036E2B9 /* Debug */ = {
			isa = XCBuildConfiguration;
			buildSettings = {
				ASSETCATALOG_COMPILER_APPICON_NAME = AppIcon;
				ASSETCATALOG_COMPILER_GLOBAL_ACCENT_COLOR_NAME = AccentColor;
				CODE_SIGN_STYLE = Automatic;
				CURRENT_PROJECT_VERSION = 1;
				DEVELOPMENT_ASSET_PATHS = "\"BucketList/Preview Content\"";
				DEVELOPMENT_TEAM = 459U2C6ZFU;
				ENABLE_PREVIEWS = YES;
				GENERATE_INFOPLIST_FILE = YES;
				INFOPLIST_KEY_NSFaceIDUsageDescription = "We need to unlock your data.";
				INFOPLIST_KEY_UIApplicationSceneManifest_Generation = YES;
				INFOPLIST_KEY_UIApplicationSupportsIndirectInputEvents = YES;
				INFOPLIST_KEY_UILaunchScreen_Generation = YES;
				INFOPLIST_KEY_UISupportedInterfaceOrientations_iPad = "UIInterfaceOrientationPortrait UIInterfaceOrientationPortraitUpsideDown UIInterfaceOrientationLandscapeLeft UIInterfaceOrientationLandscapeRight";
				INFOPLIST_KEY_UISupportedInterfaceOrientations_iPhone = "UIInterfaceOrientationPortrait UIInterfaceOrientationLandscapeLeft UIInterfaceOrientationLandscapeRight";
				LD_RUNPATH_SEARCH_PATHS = (
					"$(inherited)",
					"@executable_path/Frameworks",
				);
				MARKETING_VERSION = 1.0;
				PRODUCT_BUNDLE_IDENTIFIER = orvibo.BucketList;
				PRODUCT_NAME = "$(TARGET_NAME)";
				SWIFT_EMIT_LOC_STRINGS = YES;
				SWIFT_VERSION = 5.0;
				TARGETED_DEVICE_FAMILY = "1,2";
			};
			name = Debug;
		};
		705FD9CD2BD3F26D0036E2B9 /* Release */ = {
			isa = XCBuildConfiguration;
			buildSettings = {
				ASSETCATALOG_COMPILER_APPICON_NAME = AppIcon;
				ASSETCATALOG_COMPILER_GLOBAL_ACCENT_COLOR_NAME = AccentColor;
				CODE_SIGN_STYLE = Automatic;
				CURRENT_PROJECT_VERSION = 1;
				DEVELOPMENT_ASSET_PATHS = "\"BucketList/Preview Content\"";
				DEVELOPMENT_TEAM = 459U2C6ZFU;
				ENABLE_PREVIEWS = YES;
				GENERATE_INFOPLIST_FILE = YES;
				INFOPLIST_KEY_NSFaceIDUsageDescription = "We need to unlock your data.";
				INFOPLIST_KEY_UIApplicationSceneManifest_Generation = YES;
				INFOPLIST_KEY_UIApplicationSupportsIndirectInputEvents = YES;
				INFOPLIST_KEY_UILaunchScreen_Generation = YES;
				INFOPLIST_KEY_UISupportedInterfaceOrientations_iPad = "UIInterfaceOrientationPortrait UIInterfaceOrientationPortraitUpsideDown UIInterfaceOrientationLandscapeLeft UIInterfaceOrientationLandscapeRight";
				INFOPLIST_KEY_UISupportedInterfaceOrientations_iPhone = "UIInterfaceOrientationPortrait UIInterfaceOrientationLandscapeLeft UIInterfaceOrientationLandscapeRight";
				LD_RUNPATH_SEARCH_PATHS = (
					"$(inherited)",
					"@executable_path/Frameworks",
				);
				MARKETING_VERSION = 1.0;
				PRODUCT_BUNDLE_IDENTIFIER = orvibo.BucketList;
				PRODUCT_NAME = "$(TARGET_NAME)";
				SWIFT_EMIT_LOC_STRINGS = YES;
				SWIFT_VERSION = 5.0;
				TARGETED_DEVICE_FAMILY = "1,2";
			};
			name = Release;
		};
/* End XCBuildConfiguration section */

/* Begin XCConfigurationList section */
		705FD9B82BD3F26B0036E2B9 /* Build configuration list for PBXProject "BucketList" */ = {
			isa = XCConfigurationList;
			buildConfigurations = (
				705FD9C92BD3F26D0036E2B9 /* Debug */,
				705FD9CA2BD3F26D0036E2B9 /* Release */,
			);
			defaultConfigurationIsVisible = 0;
			defaultConfigurationName = Release;
		};
		705FD9CB2BD3F26D0036E2B9 /* Build configuration list for PBXNativeTarget "BucketList" */ = {
			isa = XCConfigurationList;
			buildConfigurations = (
				705FD9CC2BD3F26D0036E2B9 /* Debug */,
				705FD9CD2BD3F26D0036E2B9 /* Release */,
			);
			defaultConfigurationIsVisible = 0;
			defaultConfigurationName = Release;
		};
/* End XCConfigurationList section */
	};
	rootObject = 705FD9B52BD3F26B0036E2B9 /* Project object */;
}
